// !$*UTF8*$!
{
	archiveVersion = 1;
	classes = {
	};
	objectVersion = 50;
	objects = {

/* Begin PBXBuildFile section */
		A8EB763C26A73C8E00AB0E56 /* AppDelegate.swift in Sources */ = {isa = PBXBuildFile; fileRef = A8EB763B26A73C8E00AB0E56 /* AppDelegate.swift */; };
		A8EB763E26A73C8E00AB0E56 /* SceneDelegate.swift in Sources */ = {isa = PBXBuildFile; fileRef = A8EB763D26A73C8E00AB0E56 /* SceneDelegate.swift */; };
		A8EB764026A73C8E00AB0E56 /* ViewController.swift in Sources */ = {isa = PBXBuildFile; fileRef = A8EB763F26A73C8E00AB0E56 /* ViewController.swift */; };
		A8EB764326A73C8E00AB0E56 /* Main.storyboard in Resources */ = {isa = PBXBuildFile; fileRef = A8EB764126A73C8E00AB0E56 /* Main.storyboard */; };
		A8EB764626A73C8E00AB0E56 /* GitHubTesting.xcdatamodeld in Sources */ = {isa = PBXBuildFile; fileRef = A8EB764426A73C8E00AB0E56 /* GitHubTesting.xcdatamodeld */; };
		A8EB764826A73C8E00AB0E56 /* Assets.xcassets in Resources */ = {isa = PBXBuildFile; fileRef = A8EB764726A73C8E00AB0E56 /* Assets.xcassets */; };
		A8EB764B26A73C8E00AB0E56 /* LaunchScreen.storyboard in Resources */ = {isa = PBXBuildFile; fileRef = A8EB764926A73C8E00AB0E56 /* LaunchScreen.storyboard */; };
		A8EB765626A73C8E00AB0E56 /* GitHubTestingTests.swift in Sources */ = {isa = PBXBuildFile; fileRef = A8EB765526A73C8E00AB0E56 /* GitHubTestingTests.swift */; };
		A8EB766126A73C8E00AB0E56 /* GitHubTestingUITests.swift in Sources */ = {isa = PBXBuildFile; fileRef = A8EB766026A73C8E00AB0E56 /* GitHubTestingUITests.swift */; };
/* End PBXBuildFile section */

/* Begin PBXContainerItemProxy section */
		A8EB765226A73C8E00AB0E56 /* PBXContainerItemProxy */ = {
			isa = PBXContainerItemProxy;
			containerPortal = A8EB763026A73C8E00AB0E56 /* Project object */;
			proxyType = 1;
			remoteGlobalIDString = A8EB763726A73C8E00AB0E56;
			remoteInfo = GitHubTesting;
		};
		A8EB765D26A73C8E00AB0E56 /* PBXContainerItemProxy */ = {
			isa = PBXContainerItemProxy;
			containerPortal = A8EB763026A73C8E00AB0E56 /* Project object */;
			proxyType = 1;
			remoteGlobalIDString = A8EB763726A73C8E00AB0E56;
			remoteInfo = GitHubTesting;
		};
/* End PBXContainerItemProxy section */

/* Begin PBXFileReference section */
		A8EB763826A73C8E00AB0E56 /* GitHubTesting.app */ = {isa = PBXFileReference; explicitFileType = wrapper.application; includeInIndex = 0; path = GitHubTesting.app; sourceTree = BUILT_PRODUCTS_DIR; };
		A8EB763B26A73C8E00AB0E56 /* AppDelegate.swift */ = {isa = PBXFileReference; lastKnownFileType = sourcecode.swift; path = AppDelegate.swift; sourceTree = "<group>"; };
		A8EB763D26A73C8E00AB0E56 /* SceneDelegate.swift */ = {isa = PBXFileReference; lastKnownFileType = sourcecode.swift; path = SceneDelegate.swift; sourceTree = "<group>"; };
		A8EB763F26A73C8E00AB0E56 /* ViewController.swift */ = {isa = PBXFileReference; lastKnownFileType = sourcecode.swift; path = ViewController.swift; sourceTree = "<group>"; };
		A8EB764226A73C8E00AB0E56 /* Base */ = {isa = PBXFileReference; lastKnownFileType = file.storyboard; name = Base; path = Base.lproj/Main.storyboard; sourceTree = "<group>"; };
		A8EB764526A73C8E00AB0E56 /* GitHubTesting.xcdatamodel */ = {isa = PBXFileReference; lastKnownFileType = wrapper.xcdatamodel; path = GitHubTesting.xcdatamodel; sourceTree = "<group>"; };
		A8EB764726A73C8E00AB0E56 /* Assets.xcassets */ = {isa = PBXFileReference; lastKnownFileType = folder.assetcatalog; path = Assets.xcassets; sourceTree = "<group>"; };
		A8EB764A26A73C8E00AB0E56 /* Base */ = {isa = PBXFileReference; lastKnownFileType = file.storyboard; name = Base; path = Base.lproj/LaunchScreen.storyboard; sourceTree = "<group>"; };
		A8EB764C26A73C8E00AB0E56 /* Info.plist */ = {isa = PBXFileReference; lastKnownFileType = text.plist.xml; path = Info.plist; sourceTree = "<group>"; };
		A8EB765126A73C8E00AB0E56 /* GitHubTestingTests.xctest */ = {isa = PBXFileReference; explicitFileType = wrapper.cfbundle; includeInIndex = 0; path = GitHubTestingTests.xctest; sourceTree = BUILT_PRODUCTS_DIR; };
		A8EB765526A73C8E00AB0E56 /* GitHubTestingTests.swift */ = {isa = PBXFileReference; lastKnownFileType = sourcecode.swift; path = GitHubTestingTests.swift; sourceTree = "<group>"; };
		A8EB765726A73C8E00AB0E56 /* Info.plist */ = {isa = PBXFileReference; lastKnownFileType = text.plist.xml; path = Info.plist; sourceTree = "<group>"; };
		A8EB765C26A73C8E00AB0E56 /* GitHubTestingUITests.xctest */ = {isa = PBXFileReference; explicitFileType = wrapper.cfbundle; includeInIndex = 0; path = GitHubTestingUITests.xctest; sourceTree = BUILT_PRODUCTS_DIR; };
		A8EB766026A73C8E00AB0E56 /* GitHubTestingUITests.swift */ = {isa = PBXFileReference; lastKnownFileType = sourcecode.swift; path = GitHubTestingUITests.swift; sourceTree = "<group>"; };
		A8EB766226A73C8E00AB0E56 /* Info.plist */ = {isa = PBXFileReference; lastKnownFileType = text.plist.xml; path = Info.plist; sourceTree = "<group>"; };
/* End PBXFileReference section */

/* Begin PBXFrameworksBuildPhase section */
		A8EB763526A73C8E00AB0E56 /* Frameworks */ = {
			isa = PBXFrameworksBuildPhase;
			buildActionMask = 2147483647;
			files = (
			);
			runOnlyForDeploymentPostprocessing = 0;
		};
		A8EB764E26A73C8E00AB0E56 /* Frameworks */ = {
			isa = PBXFrameworksBuildPhase;
			buildActionMask = 2147483647;
			files = (
			);
			runOnlyForDeploymentPostprocessing = 0;
		};
		A8EB765926A73C8E00AB0E56 /* Frameworks */ = {
			isa = PBXFrameworksBuildPhase;
			buildActionMask = 2147483647;
			files = (
			);
			runOnlyForDeploymentPostprocessing = 0;
		};
/* End PBXFrameworksBuildPhase section */

/* Begin PBXGroup section */
		A8EB762F26A73C8E00AB0E56 = {
			isa = PBXGroup;
			children = (
				A8EB763A26A73C8E00AB0E56 /* GitHubTesting */,
				A8EB765426A73C8E00AB0E56 /* GitHubTestingTests */,
				A8EB765F26A73C8E00AB0E56 /* GitHubTestingUITests */,
				A8EB763926A73C8E00AB0E56 /* Products */,
			);
			sourceTree = "<group>";
		};
		A8EB763926A73C8E00AB0E56 /* Products */ = {
			isa = PBXGroup;
			children = (
				A8EB763826A73C8E00AB0E56 /* GitHubTesting.app */,
				A8EB765126A73C8E00AB0E56 /* GitHubTestingTests.xctest */,
				A8EB765C26A73C8E00AB0E56 /* GitHubTestingUITests.xctest */,
			);
			name = Products;
			sourceTree = "<group>";
		};
		A8EB763A26A73C8E00AB0E56 /* GitHubTesting */ = {
			isa = PBXGroup;
			children = (
				A8EB763B26A73C8E00AB0E56 /* AppDelegate.swift */,
				A8EB763D26A73C8E00AB0E56 /* SceneDelegate.swift */,
				A8EB763F26A73C8E00AB0E56 /* ViewController.swift */,
				A8EB764126A73C8E00AB0E56 /* Main.storyboard */,
				A8EB764726A73C8E00AB0E56 /* Assets.xcassets */,
				A8EB764926A73C8E00AB0E56 /* LaunchScreen.storyboard */,
				A8EB764C26A73C8E00AB0E56 /* Info.plist */,
				A8EB764426A73C8E00AB0E56 /* GitHubTesting.xcdatamodeld */,
			);
			path = GitHubTesting;
			sourceTree = "<group>";
		};
		A8EB765426A73C8E00AB0E56 /* GitHubTestingTests */ = {
			isa = PBXGroup;
			children = (
				A8EB765526A73C8E00AB0E56 /* GitHubTestingTests.swift */,
				A8EB765726A73C8E00AB0E56 /* Info.plist */,
			);
			path = GitHubTestingTests;
			sourceTree = "<group>";
		};
		A8EB765F26A73C8E00AB0E56 /* GitHubTestingUITests */ = {
			isa = PBXGroup;
			children = (
				A8EB766026A73C8E00AB0E56 /* GitHubTestingUITests.swift */,
				A8EB766226A73C8E00AB0E56 /* Info.plist */,
			);
			path = GitHubTestingUITests;
			sourceTree = "<group>";
		};
/* End PBXGroup section */

/* Begin PBXNativeTarget section */
		A8EB763726A73C8E00AB0E56 /* GitHubTesting */ = {
			isa = PBXNativeTarget;
			buildConfigurationList = A8EB766526A73C8E00AB0E56 /* Build configuration list for PBXNativeTarget "GitHubTesting" */;
			buildPhases = (
				A8EB763426A73C8E00AB0E56 /* Sources */,
				A8EB763526A73C8E00AB0E56 /* Frameworks */,
				A8EB763626A73C8E00AB0E56 /* Resources */,
			);
			buildRules = (
			);
			dependencies = (
			);
			name = GitHubTesting;
			productName = GitHubTesting;
			productReference = A8EB763826A73C8E00AB0E56 /* GitHubTesting.app */;
			productType = "com.apple.product-type.application";
		};
		A8EB765026A73C8E00AB0E56 /* GitHubTestingTests */ = {
			isa = PBXNativeTarget;
			buildConfigurationList = A8EB766826A73C8E00AB0E56 /* Build configuration list for PBXNativeTarget "GitHubTestingTests" */;
			buildPhases = (
				A8EB764D26A73C8E00AB0E56 /* Sources */,
				A8EB764E26A73C8E00AB0E56 /* Frameworks */,
				A8EB764F26A73C8E00AB0E56 /* Resources */,
			);
			buildRules = (
			);
			dependencies = (
				A8EB765326A73C8E00AB0E56 /* PBXTargetDependency */,
			);
			name = GitHubTestingTests;
			productName = GitHubTestingTests;
			productReference = A8EB765126A73C8E00AB0E56 /* GitHubTestingTests.xctest */;
			productType = "com.apple.product-type.bundle.unit-test";
		};
		A8EB765B26A73C8E00AB0E56 /* GitHubTestingUITests */ = {
			isa = PBXNativeTarget;
			buildConfigurationList = A8EB766B26A73C8E00AB0E56 /* Build configuration list for PBXNativeTarget "GitHubTestingUITests" */;
			buildPhases = (
				A8EB765826A73C8E00AB0E56 /* Sources */,
				A8EB765926A73C8E00AB0E56 /* Frameworks */,
				A8EB765A26A73C8E00AB0E56 /* Resources */,
			);
			buildRules = (
			);
			dependencies = (
				A8EB765E26A73C8E00AB0E56 /* PBXTargetDependency */,
			);
			name = GitHubTestingUITests;
			productName = GitHubTestingUITests;
			productReference = A8EB765C26A73C8E00AB0E56 /* GitHubTestingUITests.xctest */;
			productType = "com.apple.product-type.bundle.ui-testing";
		};
/* End PBXNativeTarget section */

/* Begin PBXProject section */
		A8EB763026A73C8E00AB0E56 /* Project object */ = {
			isa = PBXProject;
			attributes = {
				LastSwiftUpdateCheck = 1250;
				LastUpgradeCheck = 1250;
				TargetAttributes = {
					A8EB763726A73C8E00AB0E56 = {
						CreatedOnToolsVersion = 12.5;
					};
					A8EB765026A73C8E00AB0E56 = {
						CreatedOnToolsVersion = 12.5;
						TestTargetID = A8EB763726A73C8E00AB0E56;
					};
					A8EB765B26A73C8E00AB0E56 = {
						CreatedOnToolsVersion = 12.5;
						TestTargetID = A8EB763726A73C8E00AB0E56;
					};
				};
			};
			buildConfigurationList = A8EB763326A73C8E00AB0E56 /* Build configuration list for PBXProject "GitHubTesting" */;
			compatibilityVersion = "Xcode 9.3";
			developmentRegion = en;
			hasScannedForEncodings = 0;
			knownRegions = (
				en,
				Base,
			);
			mainGroup = A8EB762F26A73C8E00AB0E56;
			productRefGroup = A8EB763926A73C8E00AB0E56 /* Products */;
			projectDirPath = "";
			projectRoot = "";
			targets = (
				A8EB763726A73C8E00AB0E56 /* GitHubTesting */,
				A8EB765026A73C8E00AB0E56 /* GitHubTestingTests */,
				A8EB765B26A73C8E00AB0E56 /* GitHubTestingUITests */,
			);
		};
/* End PBXProject section */

/* Begin PBXResourcesBuildPhase section */
		A8EB763626A73C8E00AB0E56 /* Resources */ = {
			isa = PBXResourcesBuildPhase;
			buildActionMask = 2147483647;
			files = (
				A8EB764B26A73C8E00AB0E56 /* LaunchScreen.storyboard in Resources */,
				A8EB764826A73C8E00AB0E56 /* Assets.xcassets in Resources */,
				A8EB764326A73C8E00AB0E56 /* Main.storyboard in Resources */,
			);
			runOnlyForDeploymentPostprocessing = 0;
		};
		A8EB764F26A73C8E00AB0E56 /* Resources */ = {
			isa = PBXResourcesBuildPhase;
			buildActionMask = 2147483647;
			files = (
			);
			runOnlyForDeploymentPostprocessing = 0;
		};
		A8EB765A26A73C8E00AB0E56 /* Resources */ = {
			isa = PBXResourcesBuildPhase;
			buildActionMask = 2147483647;
			files = (
			);
			runOnlyForDeploymentPostprocessing = 0;
		};
/* End PBXResourcesBuildPhase section */

/* Begin PBXSourcesBuildPhase section */
		A8EB763426A73C8E00AB0E56 /* Sources */ = {
			isa = PBXSourcesBuildPhase;
			buildActionMask = 2147483647;
			files = (
				A8EB764026A73C8E00AB0E56 /* ViewController.swift in Sources */,
				A8EB763C26A73C8E00AB0E56 /* AppDelegate.swift in Sources */,
				A8EB763E26A73C8E00AB0E56 /* SceneDelegate.swift in Sources */,
				A8EB764626A73C8E00AB0E56 /* GitHubTesting.xcdatamodeld in Sources */,
			);
			runOnlyForDeploymentPostprocessing = 0;
		};
		A8EB764D26A73C8E00AB0E56 /* Sources */ = {
			isa = PBXSourcesBuildPhase;
			buildActionMask = 2147483647;
			files = (
				A8EB765626A73C8E00AB0E56 /* GitHubTestingTests.swift in Sources */,
			);
			runOnlyForDeploymentPostprocessing = 0;
		};
		A8EB765826A73C8E00AB0E56 /* Sources */ = {
			isa = PBXSourcesBuildPhase;
			buildActionMask = 2147483647;
			files = (
				A8EB766126A73C8E00AB0E56 /* GitHubTestingUITests.swift in Sources */,
			);
			runOnlyForDeploymentPostprocessing = 0;
		};
/* End PBXSourcesBuildPhase section */

/* Begin PBXTargetDependency section */
		A8EB765326A73C8E00AB0E56 /* PBXTargetDependency */ = {
			isa = PBXTargetDependency;
			target = A8EB763726A73C8E00AB0E56 /* GitHubTesting */;
			targetProxy = A8EB765226A73C8E00AB0E56 /* PBXContainerItemProxy */;
		};
		A8EB765E26A73C8E00AB0E56 /* PBXTargetDependency */ = {
			isa = PBXTargetDependency;
			target = A8EB763726A73C8E00AB0E56 /* GitHubTesting */;
			targetProxy = A8EB765D26A73C8E00AB0E56 /* PBXContainerItemProxy */;
		};
/* End PBXTargetDependency section */

/* Begin PBXVariantGroup section */
		A8EB764126A73C8E00AB0E56 /* Main.storyboard */ = {
			isa = PBXVariantGroup;
			children = (
				A8EB764226A73C8E00AB0E56 /* Base */,
			);
			name = Main.storyboard;
			sourceTree = "<group>";
		};
		A8EB764926A73C8E00AB0E56 /* LaunchScreen.storyboard */ = {
			isa = PBXVariantGroup;
			children = (
				A8EB764A26A73C8E00AB0E56 /* Base */,
			);
			name = LaunchScreen.storyboard;
			sourceTree = "<group>";
		};
/* End PBXVariantGroup section */

/* Begin XCBuildConfiguration section */
		A8EB766326A73C8E00AB0E56 /* Debug */ = {
			isa = XCBuildConfiguration;
			buildSettings = {
				ALWAYS_SEARCH_USER_PATHS = NO;
				CLANG_ANALYZER_NONNULL = YES;
				CLANG_ANALYZER_NUMBER_OBJECT_CONVERSION = YES_AGGRESSIVE;
				CLANG_CXX_LANGUAGE_STANDARD = "gnu++14";
				CLANG_CXX_LIBRARY = "libc++";
				CLANG_ENABLE_MODULES = YES;
				CLANG_ENABLE_OBJC_ARC = YES;
				CLANG_ENABLE_OBJC_WEAK = YES;
				CLANG_WARN_BLOCK_CAPTURE_AUTORELEASING = YES;
				CLANG_WARN_BOOL_CONVERSION = YES;
				CLANG_WARN_COMMA = YES;
				CLANG_WARN_CONSTANT_CONVERSION = YES;
				CLANG_WARN_DEPRECATED_OBJC_IMPLEMENTATIONS = YES;
				CLANG_WARN_DIRECT_OBJC_ISA_USAGE = YES_ERROR;
				CLANG_WARN_DOCUMENTATION_COMMENTS = YES;
				CLANG_WARN_EMPTY_BODY = YES;
				CLANG_WARN_ENUM_CONVERSION = YES;
				CLANG_WARN_INFINITE_RECURSION = YES;
				CLANG_WARN_INT_CONVERSION = YES;
				CLANG_WARN_NON_LITERAL_NULL_CONVERSION = YES;
				CLANG_WARN_OBJC_IMPLICIT_RETAIN_SELF = YES;
				CLANG_WARN_OBJC_LITERAL_CONVERSION = YES;
				CLANG_WARN_OBJC_ROOT_CLASS = YES_ERROR;
				CLANG_WARN_QUOTED_INCLUDE_IN_FRAMEWORK_HEADER = YES;
				CLANG_WARN_RANGE_LOOP_ANALYSIS = YES;
				CLANG_WARN_STRICT_PROTOTYPES = YES;
				CLANG_WARN_SUSPICIOUS_MOVE = YES;
				CLANG_WARN_UNGUARDED_AVAILABILITY = YES_AGGRESSIVE;
				CLANG_WARN_UNREACHABLE_CODE = YES;
				CLANG_WARN__DUPLICATE_METHOD_MATCH = YES;
				COPY_PHASE_STRIP = NO;
				DEBUG_INFORMATION_FORMAT = dwarf;
				ENABLE_STRICT_OBJC_MSGSEND = YES;
				ENABLE_TESTABILITY = YES;
				GCC_C_LANGUAGE_STANDARD = gnu11;
				GCC_DYNAMIC_NO_PIC = NO;
				GCC_NO_COMMON_BLOCKS = YES;
				GCC_OPTIMIZATION_LEVEL = 0;
				GCC_PREPROCESSOR_DEFINITIONS = (
					"DEBUG=1",
					"$(inherited)",
				);
				GCC_WARN_64_TO_32_BIT_CONVERSION = YES;
				GCC_WARN_ABOUT_RETURN_TYPE = YES_ERROR;
				GCC_WARN_UNDECLARED_SELECTOR = YES;
				GCC_WARN_UNINITIALIZED_AUTOS = YES_AGGRESSIVE;
				GCC_WARN_UNUSED_FUNCTION = YES;
				GCC_WARN_UNUSED_VARIABLE = YES;
				IPHONEOS_DEPLOYMENT_TARGET = 14.5;
				MTL_ENABLE_DEBUG_INFO = INCLUDE_SOURCE;
				MTL_FAST_MATH = YES;
				ONLY_ACTIVE_ARCH = YES;
				SDKROOT = iphoneos;
				SWIFT_ACTIVE_COMPILATION_CONDITIONS = DEBUG;
				SWIFT_OPTIMIZATION_LEVEL = "-Onone";
			};
			name = Debug;
		};
		A8EB766426A73C8E00AB0E56 /* Release */ = {
			isa = XCBuildConfiguration;
			buildSettings = {
				ALWAYS_SEARCH_USER_PATHS = NO;
				CLANG_ANALYZER_NONNULL = YES;
				CLANG_ANALYZER_NUMBER_OBJECT_CONVERSION = YES_AGGRESSIVE;
				CLANG_CXX_LANGUAGE_STANDARD = "gnu++14";
				CLANG_CXX_LIBRARY = "libc++";
				CLANG_ENABLE_MODULES = YES;
				CLANG_ENABLE_OBJC_ARC = YES;
				CLANG_ENABLE_OBJC_WEAK = YES;
				CLANG_WARN_BLOCK_CAPTURE_AUTORELEASING = YES;
				CLANG_WARN_BOOL_CONVERSION = YES;
				CLANG_WARN_COMMA = YES;
				CLANG_WARN_CONSTANT_CONVERSION = YES;
				CLANG_WARN_DEPRECATED_OBJC_IMPLEMENTATIONS = YES;
				CLANG_WARN_DIRECT_OBJC_ISA_USAGE = YES_ERROR;
				CLANG_WARN_DOCUMENTATION_COMMENTS = YES;
				CLANG_WARN_EMPTY_BODY = YES;
				CLANG_WARN_ENUM_CONVERSION = YES;
				CLANG_WARN_INFINITE_RECURSION = YES;
				CLANG_WARN_INT_CONVERSION = YES;
				CLANG_WARN_NON_LITERAL_NULL_CONVERSION = YES;
				CLANG_WARN_OBJC_IMPLICIT_RETAIN_SELF = YES;
				CLANG_WARN_OBJC_LITERAL_CONVERSION = YES;
				CLANG_WARN_OBJC_ROOT_CLASS = YES_ERROR;
				CLANG_WARN_QUOTED_INCLUDE_IN_FRAMEWORK_HEADER = YES;
				CLANG_WARN_RANGE_LOOP_ANALYSIS = YES;
				CLANG_WARN_STRICT_PROTOTYPES = YES;
				CLANG_WARN_SUSPICIOUS_MOVE = YES;
				CLANG_WARN_UNGUARDED_AVAILABILITY = YES_AGGRESSIVE;
				CLANG_WARN_UNREACHABLE_CODE = YES;
				CLANG_WARN__DUPLICATE_METHOD_MATCH = YES;
				COPY_PHASE_STRIP = NO;
				DEBUG_INFORMATION_FORMAT = "dwarf-with-dsym";
				ENABLE_NS_ASSERTIONS = NO;
				ENABLE_STRICT_OBJC_MSGSEND = YES;
				GCC_C_LANGUAGE_STANDARD = gnu11;
				GCC_NO_COMMON_BLOCKS = YES;
				GCC_WARN_64_TO_32_BIT_CONVERSION = YES;
				GCC_WARN_ABOUT_RETURN_TYPE = YES_ERROR;
				GCC_WARN_UNDECLARED_SELECTOR = YES;
				GCC_WARN_UNINITIALIZED_AUTOS = YES_AGGRESSIVE;
				GCC_WARN_UNUSED_FUNCTION = YES;
				GCC_WARN_UNUSED_VARIABLE = YES;
				IPHONEOS_DEPLOYMENT_TARGET = 14.5;
				MTL_ENABLE_DEBUG_INFO = NO;
				MTL_FAST_MATH = YES;
				SDKROOT = iphoneos;
				SWIFT_COMPILATION_MODE = wholemodule;
				SWIFT_OPTIMIZATION_LEVEL = "-O";
				VALIDATE_PRODUCT = YES;
			};
			name = Release;
		};
		A8EB766626A73C8E00AB0E56 /* Debug */ = {
			isa = XCBuildConfiguration;
			buildSettings = {
				ASSETCATALOG_COMPILER_APPICON_NAME = AppIcon;
				ASSETCATALOG_COMPILER_GLOBAL_ACCENT_COLOR_NAME = AccentColor;
				CODE_SIGN_STYLE = Automatic;
				INFOPLIST_FILE = GitHubTesting/Info.plist;
				LD_RUNPATH_SEARCH_PATHS = (
					"$(inherited)",
					"@executable_path/Frameworks",
				);
				PRODUCT_BUNDLE_IDENTIFIER = Test.GitHubTesting;
				PRODUCT_NAME = "$(TARGET_NAME)";
				SWIFT_VERSION = 5.0;
				TARGETED_DEVICE_FAMILY = "1,2";
			};
			name = Debug;
		};
		A8EB766726A73C8E00AB0E56 /* Release */ = {
			isa = XCBuildConfiguration;
			buildSettings = {
				ASSETCATALOG_COMPILER_APPICON_NAME = AppIcon;
				ASSETCATALOG_COMPILER_GLOBAL_ACCENT_COLOR_NAME = AccentColor;
				CODE_SIGN_STYLE = Automatic;
				INFOPLIST_FILE = GitHubTesting/Info.plist;
				LD_RUNPATH_SEARCH_PATHS = (
					"$(inherited)",
					"@executable_path/Frameworks",
				);
				PRODUCT_BUNDLE_IDENTIFIER = Test.GitHubTesting;
				PRODUCT_NAME = "$(TARGET_NAME)";
				SWIFT_VERSION = 5.0;
				TARGETED_DEVICE_FAMILY = "1,2";
			};
			name = Release;
		};
		A8EB766926A73C8E00AB0E56 /* Debug */ = {
			isa = XCBuildConfiguration;
			buildSettings = {
				ALWAYS_EMBED_SWIFT_STANDARD_LIBRARIES = YES;
				BUNDLE_LOADER = "$(TEST_HOST)";
				CODE_SIGN_STYLE = Automatic;
				INFOPLIST_FILE = GitHubTestingTests/Info.plist;
				IPHONEOS_DEPLOYMENT_TARGET = 14.5;
				LD_RUNPATH_SEARCH_PATHS = (
					"$(inherited)",
					"@executable_path/Frameworks",
					"@loader_path/Frameworks",
				);
				PRODUCT_BUNDLE_IDENTIFIER = Test.GitHubTestingTests;
				PRODUCT_NAME = "$(TARGET_NAME)";
				SWIFT_VERSION = 5.0;
				TARGETED_DEVICE_FAMILY = "1,2";
				TEST_HOST = "$(BUILT_PRODUCTS_DIR)/GitHubTesting.app/GitHubTesting";
			};
			name = Debug;
		};
		A8EB766A26A73C8E00AB0E56 /* Release */ = {
			isa = XCBuildConfiguration;
			buildSettings = {
				ALWAYS_EMBED_SWIFT_STANDARD_LIBRARIES = YES;
				BUNDLE_LOADER = "$(TEST_HOST)";
				CODE_SIGN_STYLE = Automatic;
				INFOPLIST_FILE = GitHubTestingTests/Info.plist;
				IPHONEOS_DEPLOYMENT_TARGET = 14.5;
				LD_RUNPATH_SEARCH_PATHS = (
					"$(inherited)",
					"@executable_path/Frameworks",
					"@loader_path/Frameworks",
				);
				PRODUCT_BUNDLE_IDENTIFIER = Test.GitHubTestingTests;
				PRODUCT_NAME = "$(TARGET_NAME)";
				SWIFT_VERSION = 5.0;
				TARGETED_DEVICE_FAMILY = "1,2";
				TEST_HOST = "$(BUILT_PRODUCTS_DIR)/GitHubTesting.app/GitHubTesting";
			};
			name = Release;
		};
		A8EB766C26A73C8E00AB0E56 /* Debug */ = {
			isa = XCBuildConfiguration;
			buildSettings = {
				ALWAYS_EMBED_SWIFT_STANDARD_LIBRARIES = YES;
				CODE_SIGN_STYLE = Automatic;
				INFOPLIST_FILE = GitHubTestingUITests/Info.plist;
				LD_RUNPATH_SEARCH_PATHS = (
					"$(inherited)",
					"@executable_path/Frameworks",
					"@loader_path/Frameworks",
				);
				PRODUCT_BUNDLE_IDENTIFIER = Test.GitHubTestingUITests;
				PRODUCT_NAME = "$(TARGET_NAME)";
				SWIFT_VERSION = 5.0;
				TARGETED_DEVICE_FAMILY = "1,2";
				TEST_TARGET_NAME = GitHubTesting;
			};
			name = Debug;
		};
		A8EB766D26A73C8E00AB0E56 /* Release */ = {
			isa = XCBuildConfiguration;
			buildSettings = {
				ALWAYS_EMBED_SWIFT_STANDARD_LIBRARIES = YES;
				CODE_SIGN_STYLE = Automatic;
				INFOPLIST_FILE = GitHubTestingUITests/Info.plist;
				LD_RUNPATH_SEARCH_PATHS = (
					"$(inherited)",
					"@executable_path/Frameworks",
					"@loader_path/Frameworks",
				);
				PRODUCT_BUNDLE_IDENTIFIER = Test.GitHubTestingUITests;
				PRODUCT_NAME = "$(TARGET_NAME)";
				SWIFT_VERSION = 5.0;
				TARGETED_DEVICE_FAMILY = "1,2";
				TEST_TARGET_NAME = GitHubTesting;
			};
			name = Release;
		};
/* End XCBuildConfiguration section */

/* Begin XCConfigurationList section */
		A8EB763326A73C8E00AB0E56 /* Build configuration list for PBXProject "GitHubTesting" */ = {
			isa = XCConfigurationList;
			buildConfigurations = (
				A8EB766326A73C8E00AB0E56 /* Debug */,
				A8EB766426A73C8E00AB0E56 /* Release */,
			);
			defaultConfigurationIsVisible = 0;
			defaultConfigurationName = Release;
		};
		A8EB766526A73C8E00AB0E56 /* Build configuration list for PBXNativeTarget "GitHubTesting" */ = {
			isa = XCConfigurationList;
			buildConfigurations = (
				A8EB766626A73C8E00AB0E56 /* Debug */,
				A8EB766726A73C8E00AB0E56 /* Release */,
			);
			defaultConfigurationIsVisible = 0;
			defaultConfigurationName = Release;
		};
		A8EB766826A73C8E00AB0E56 /* Build configuration list for PBXNativeTarget "GitHubTestingTests" */ = {
			isa = XCConfigurationList;
			buildConfigurations = (
				A8EB766926A73C8E00AB0E56 /* Debug */,
				A8EB766A26A73C8E00AB0E56 /* Release */,
			);
			defaultConfigurationIsVisible = 0;
			defaultConfigurationName = Release;
		};
		A8EB766B26A73C8E00AB0E56 /* Build configuration list for PBXNativeTarget "GitHubTestingUITests" */ = {
			isa = XCConfigurationList;
			buildConfigurations = (
				A8EB766C26A73C8E00AB0E56 /* Debug */,
				A8EB766D26A73C8E00AB0E56 /* Release */,
			);
			defaultConfigurationIsVisible = 0;
			defaultConfigurationName = Release;
		};
/* End XCConfigurationList section */

/* Begin XCVersionGroup section */
		A8EB764426A73C8E00AB0E56 /* GitHubTesting.xcdatamodeld */ = {
			isa = XCVersionGroup;
			children = (
				A8EB764526A73C8E00AB0E56 /* GitHubTesting.xcdatamodel */,
			);
			currentVersion = A8EB764526A73C8E00AB0E56 /* GitHubTesting.xcdatamodel */;
			path = GitHubTesting.xcdatamodeld;
			sourceTree = "<group>";
			versionGroupType = wrapper.xcdatamodel;
		};
/* End XCVersionGroup section */
	};
	rootObject = A8EB763026A73C8E00AB0E56 /* Project object */;
}
